<?xml version="1.0" encoding="utf-8"?>
<Project ToolsVersion="4.0" xmlns="http://schemas.microsoft.com/developer/msbuild/2003">
  <ItemGroup>
    <ClCompile Include="TileCacheEntry.cpp" />
    <ClCompile Include="TiledVolumeDescription.cpp" />
    <ClCompile Include="TileManager.cpp" />
    <ClCompile Include="FileSystemTileServer.cpp" />
    <ClCompile Include="TiledDatasetView.cpp" />
    <ClCompile Include="FileSystemTileCacheEntry.cpp" />
    <ClCompile Include="FileSystemUndoRedoItem.cpp" />
    <ClCompile Include="SimpleSplitTools.cpp" />
    <ClCompile Include="FileSystemSplitState.cpp" />
    <ClCompile Include="FileSystemSegmentInfoManager.cpp" />
    <ClCompile Include="SegmentInfo.cpp" />
    <ClCompile Include="FileSystemLogger.cpp" />
    <ClCompile Include="Index.cpp" />
    <ClCompile Include="PrimitiveMap.cpp" />
    <ClCompile Include="Printf.cpp" />
    <ClCompile Include="ToString.cpp" />
    <ClCompile Include="VolumeDescription.cpp" />
  </ItemGroup>
  <ItemGroup>
    <ClInclude Include="TileCacheEntry.hpp" />
    <ClInclude Include="TiledDatasetDescription.hpp" />
    <ClInclude Include="TiledVolumeDescription.hpp" />
    <ClInclude Include="TileManager.hpp" />
    <ClInclude Include="ITileServer.hpp" />
    <ClInclude Include="FileSystemTileServer.hpp" />
    <ClInclude Include="TiledDatasetView.hpp" />
    <ClInclude Include="FileSystemTileCacheEntry.hpp" />
    <ClInclude Include="FileSystemUndoRedoItem.hpp" />
    <ClInclude Include="SimpleSplitTools.hpp" />
    <ClInclude Include="FileSystemSplitState.hpp" />
    <ClInclude Include="FileSystemSegmentInfoManager.hpp" />
    <ClInclude Include="SegmentInfo.hpp" />
    <ClInclude Include="FileSystemLogger.hpp" />
    <ClInclude Include="D3D11.hpp" />
    <ClInclude Include="D3D11Texture.hpp" />
    <ClInclude Include="ForEach.hpp" />
    <ClInclude Include="HashMap.hpp" />
    <ClInclude Include="ID3D11Texture.hpp" />
    <ClInclude Include="Index.hpp" />
    <ClInclude Include="OpenCV.hpp" />
    <ClInclude Include="PrimitiveMap.hpp" />
    <ClInclude Include="Printf.hpp" />
    <ClInclude Include="Stl.hpp" />
    <ClInclude Include="ToString.hpp" />
    <ClInclude Include="Types.hpp" />
    <ClInclude Include="VolumeDescription.hpp" />
    <ClInclude Include="Assert.hpp" />
    <ClInclude Include="Boost.hpp" />
    <ClInclude Include="FileSystemTileServerConstants.hpp" />
  </ItemGroup>
</Project>