
Microsoft Visual Studio Solution File, Format Version 11.00
# Visual Studio 2010
Project("{FAE04EC0-301F-11D3-BF4B-00C04F79EFBC}") = "Mojo.Wpf", "Mojo.Wpf\Mojo.Wpf.csproj", "{552D7904-F69F-489A-8113-EE7EF753FA99}"
	ProjectSection(ProjectDependencies) = postProject
		{8DD92DA7-F3EE-4334-AFA2-3CBF59D6518A} = {8DD92DA7-F3EE-4334-AFA2-3CBF59D6518A}
		{CC8440EB-75BF-400B-B29A-DF5B961EFCE0} = {CC8440EB-75BF-400B-B29A-DF5B961EFCE0}
	EndProjectSection
EndProject
Project("{FAE04EC0-301F-11D3-BF4B-00C04F79EFBC}") = "Mojo", "Mojo\Mojo.csproj", "{26CFD5D4-94BD-40F3-BABA-E5FC7B6DB623}"
	ProjectSection(ProjectDependencies) = postProject
		{4C96C16D-82B7-43BD-829F-650407B660D7} = {4C96C16D-82B7-43BD-829F-650407B660D7}
		{8DD92DA7-F3EE-4334-AFA2-3CBF59D6518A} = {8DD92DA7-F3EE-4334-AFA2-3CBF59D6518A}
		{CC8440EB-75BF-400B-B29A-DF5B961EFCE0} = {CC8440EB-75BF-400B-B29A-DF5B961EFCE0}
	EndProjectSection
EndProject
Project("{8BC9CEB8-8B4A-11D0-8D11-00A0C91BC942}") = "Mojo.Native", "Mojo.Native\Mojo.Native.vcxproj", "{8DD92DA7-F3EE-4334-AFA2-3CBF59D6518A}"
	ProjectSection(ProjectDependencies) = postProject
		{CC8440EB-75BF-400B-B29A-DF5B961EFCE0} = {CC8440EB-75BF-400B-B29A-DF5B961EFCE0}
	EndProjectSection
EndProject
Project("{8BC9CEB8-8B4A-11D0-8D11-00A0C91BC942}") = "Mojo.Core", "Mojo.Core\Mojo.Core.vcxproj", "{CC8440EB-75BF-400B-B29A-DF5B961EFCE0}"
EndProject
Project("{8BC9CEB8-8B4A-11D0-8D11-00A0C91BC942}") = "Mojo.Interop", "Mojo.Interop\Mojo.Interop.vcxproj", "{4C96C16D-82B7-43BD-829F-650407B660D7}"
	ProjectSection(ProjectDependencies) = postProject
		{8DD92DA7-F3EE-4334-AFA2-3CBF59D6518A} = {8DD92DA7-F3EE-4334-AFA2-3CBF59D6518A}
		{CC8440EB-75BF-400B-B29A-DF5B961EFCE0} = {CC8440EB-75BF-400B-B29A-DF5B961EFCE0}
	EndProjectSection
EndProject
Global
	GlobalSection(SolutionConfigurationPlatforms) = preSolution
		Debug|x64 = Debug|x64
		Debug|x86 = Debug|x86
		Release|x64 = Release|x64
		Release|x86 = Release|x86
	EndGlobalSection
	GlobalSection(ProjectConfigurationPlatforms) = postSolution
		{552D7904-F69F-489A-8113-EE7EF753FA99}.Debug|x64.ActiveCfg = Debug|x64
		{552D7904-F69F-489A-8113-EE7EF753FA99}.Debug|x64.Build.0 = Debug|x64
		{552D7904-F69F-489A-8113-EE7EF753FA99}.Debug|x86.ActiveCfg = Debug|x86
		{552D7904-F69F-489A-8113-EE7EF753FA99}.Debug|x86.Build.0 = Debug|x86
		{552D7904-F69F-489A-8113-EE7EF753FA99}.Release|x64.ActiveCfg = Release|x64
		{552D7904-F69F-489A-8113-EE7EF753FA99}.Release|x64.Build.0 = Release|x64
		{552D7904-F69F-489A-8113-EE7EF753FA99}.Release|x86.ActiveCfg = Release|x86
		{552D7904-F69F-489A-8113-EE7EF753FA99}.Release|x86.Build.0 = Release|x86
		{26CFD5D4-94BD-40F3-BABA-E5FC7B6DB623}.Debug|x64.ActiveCfg = Debug|x64
		{26CFD5D4-94BD-40F3-BABA-E5FC7B6DB623}.Debug|x64.Build.0 = Debug|x64
		{26CFD5D4-94BD-40F3-BABA-E5FC7B6DB623}.Debug|x86.ActiveCfg = Debug|x86
		{26CFD5D4-94BD-40F3-BABA-E5FC7B6DB623}.Debug|x86.Build.0 = Debug|x86
		{26CFD5D4-94BD-40F3-BABA-E5FC7B6DB623}.Release|x64.ActiveCfg = Release|x64
		{26CFD5D4-94BD-40F3-BABA-E5FC7B6DB623}.Release|x64.Build.0 = Release|x64
		{26CFD5D4-94BD-40F3-BABA-E5FC7B6DB623}.Release|x86.ActiveCfg = Release|x86
		{26CFD5D4-94BD-40F3-BABA-E5FC7B6DB623}.Release|x86.Build.0 = Release|x86
		{8DD92DA7-F3EE-4334-AFA2-3CBF59D6518A}.Debug|x64.ActiveCfg = Debug|x64
		{8DD92DA7-F3EE-4334-AFA2-3CBF59D6518A}.Debug|x64.Build.0 = Debug|x64
		{8DD92DA7-F3EE-4334-AFA2-3CBF59D6518A}.Debug|x86.ActiveCfg = Debug|Win32
		{8DD92DA7-F3EE-4334-AFA2-3CBF59D6518A}.Debug|x86.Build.0 = Debug|Win32
		{8DD92DA7-F3EE-4334-AFA2-3CBF59D6518A}.Release|x64.ActiveCfg = Release|x64
		{8DD92DA7-F3EE-4334-AFA2-3CBF59D6518A}.Release|x64.Build.0 = Release|x64
		{8DD92DA7-F3EE-4334-AFA2-3CBF59D6518A}.Release|x86.ActiveCfg = Release|Win32
		{8DD92DA7-F3EE-4334-AFA2-3CBF59D6518A}.Release|x86.Build.0 = Release|Win32
		{CC8440EB-75BF-400B-B29A-DF5B961EFCE0}.Debug|x64.ActiveCfg = Debug|x64
		{CC8440EB-75BF-400B-B29A-DF5B961EFCE0}.Debug|x64.Build.0 = Debug|x64
		{CC8440EB-75BF-400B-B29A-DF5B961EFCE0}.Debug|x86.ActiveCfg = Debug|Win32
		{CC8440EB-75BF-400B-B29A-DF5B961EFCE0}.Debug|x86.Build.0 = Debug|Win32
		{CC8440EB-75BF-400B-B29A-DF5B961EFCE0}.Release|x64.ActiveCfg = Release|x64
		{CC8440EB-75BF-400B-B29A-DF5B961EFCE0}.Release|x64.Build.0 = Release|x64
		{CC8440EB-75BF-400B-B29A-DF5B961EFCE0}.Release|x86.ActiveCfg = Release|Win32
		{CC8440EB-75BF-400B-B29A-DF5B961EFCE0}.Release|x86.Build.0 = Release|Win32
		{4C96C16D-82B7-43BD-829F-650407B660D7}.Debug|x64.ActiveCfg = Debug|x64
		{4C96C16D-82B7-43BD-829F-650407B660D7}.Debug|x64.Build.0 = Debug|x64
		{4C96C16D-82B7-43BD-829F-650407B660D7}.Debug|x86.ActiveCfg = Debug|Win32
		{4C96C16D-82B7-43BD-829F-650407B660D7}.Debug|x86.Build.0 = Debug|Win32
		{4C96C16D-82B7-43BD-829F-650407B660D7}.Release|x64.ActiveCfg = Release|x64
		{4C96C16D-82B7-43BD-829F-650407B660D7}.Release|x64.Build.0 = Release|x64
		{4C96C16D-82B7-43BD-829F-650407B660D7}.Release|x86.ActiveCfg = Release|Win32
		{4C96C16D-82B7-43BD-829F-650407B660D7}.Release|x86.Build.0 = Release|Win32
	EndGlobalSection
	GlobalSection(SolutionProperties) = preSolution
		HideSolutionNode = FALSE
	EndGlobalSection
EndGlobal
